{
  "requires": true,
  "lockfileVersion": 1,
  "dependencies": {
    "c-p": {
      "version": "1.4.0",
      "resolved": "https://registry.npmjs.org/c-p/-/c-p-1.4.0.tgz",
      "integrity": "sha512-m1oFwDX1xdWVSLeBWm5vaaxtZhEwD+Y0b8fnWELKCXLPi0kGRzqLfP8F8rhj5CJJ1pJr4CFwXXokIV4cme0WoQ=="
    },
    "typescript": {
      "version": "3.3.3333",
      "resolved": "https://registry.npmjs.org/typescript/-/typescript-3.3.3333.tgz",
      "integrity": "sha512-JjSKsAfuHBE/fB2oZ8NxtRTk5iGcg6hkYXMnZ3Wc+b2RSqejEqTaem11mHASMnFilHrax3sLK0GDzcJrekZYLw=="
    }
  }
}
